PODS:
  - FeedKit (6.2.0)
  - RxCocoa (4.0.0):
    - RxSwift (~> 4.0)
  - RxSwift (4.0.0)

DEPENDENCIES:
  - FeedKit (~> 6.0)
  - RxCocoa (~> 4.0)
  - RxSwift (~> 4.0)

SPEC CHECKSUMS:
  FeedKit: 48e371d0884b3bc7d87253f5ae3313c91d2a7e72
  RxCocoa: d62846ca96495d862fa4c59ea7d87e5031d7340e
  RxSwift: fd680d75283beb5e2559486f3c0ff852f0d35334

PODFILE CHECKSUM: 2d8c2fd48b6669cc93811ef1b28bf09d1b7afcd8

COCOAPODS: 1.1.1
